// !$*UTF8*$!
{
	archiveVersion = 1;
	classes = {
	};
	objectVersion = 50;
	objects = {

/* Begin PBXBuildFile section */
		946CB1C42AEA73E0007A9A4C /* AppDelegate.swift in Sources */ = {isa = PBXBuildFile; fileRef = 946CB1C32AEA73E0007A9A4C /* AppDelegate.swift */; };
		946CB1C62AEA73E0007A9A4C /* SceneDelegate.swift in Sources */ = {isa = PBXBuildFile; fileRef = 946CB1C52AEA73E0007A9A4C /* SceneDelegate.swift */; };
		946CB1C82AEA73E0007A9A4C /* ViewController.swift in Sources */ = {isa = PBXBuildFile; fileRef = 946CB1C72AEA73E0007A9A4C /* ViewController.swift */; };
		946CB1CB2AEA73E0007A9A4C /* Main.storyboard in Resources */ = {isa = PBXBuildFile; fileRef = 946CB1C92AEA73E0007A9A4C /* Main.storyboard */; };
		946CB1CD2AEA73E2007A9A4C /* Assets.xcassets in Resources */ = {isa = PBXBuildFile; fileRef = 946CB1CC2AEA73E2007A9A4C /* Assets.xcassets */; };
		946CB1D02AEA73E2007A9A4C /* LaunchScreen.storyboard in Resources */ = {isa = PBXBuildFile; fileRef = 946CB1CE2AEA73E2007A9A4C /* LaunchScreen.storyboard */; };
		946CB1DB2AEA73E2007A9A4C /* ExamenesAlumnosEjercicioCorregidoTests.swift in Sources */ = {isa = PBXBuildFile; fileRef = 946CB1DA2AEA73E2007A9A4C /* ExamenesAlumnosEjercicioCorregidoTests.swift */; };
		946CB1E62AEA73E3007A9A4C /* ExamenesAlumnosEjercicioCorregidoUITests.swift in Sources */ = {isa = PBXBuildFile; fileRef = 946CB1E52AEA73E3007A9A4C /* ExamenesAlumnosEjercicioCorregidoUITests.swift */; };
		946CB1F82AEA7488007A9A4C /* Examen.swift in Sources */ = {isa = PBXBuildFile; fileRef = 946CB1F72AEA7488007A9A4C /* Examen.swift */; };
		946CB1FD2AEA8740007A9A4C /* VerExamenViewController.swift in Sources */ = {isa = PBXBuildFile; fileRef = 946CB1FC2AEA8740007A9A4C /* VerExamenViewController.swift */; };
/* End PBXBuildFile section */

/* Begin PBXContainerItemProxy section */
		946CB1D72AEA73E2007A9A4C /* PBXContainerItemProxy */ = {
			isa = PBXContainerItemProxy;
			containerPortal = 946CB1B82AEA73E0007A9A4C /* Project object */;
			proxyType = 1;
			remoteGlobalIDString = 946CB1BF2AEA73E0007A9A4C;
			remoteInfo = ExamenesAlumnosEjercicioCorregido;
		};
		946CB1E22AEA73E3007A9A4C /* PBXContainerItemProxy */ = {
			isa = PBXContainerItemProxy;
			containerPortal = 946CB1B82AEA73E0007A9A4C /* Project object */;
			proxyType = 1;
			remoteGlobalIDString = 946CB1BF2AEA73E0007A9A4C;
			remoteInfo = ExamenesAlumnosEjercicioCorregido;
		};
/* End PBXContainerItemProxy section */

/* Begin PBXFileReference section */
		946CB1C02AEA73E0007A9A4C /* ExamenesAlumnosEjercicioCorregido.app */ = {isa = PBXFileReference; explicitFileType = wrapper.application; includeInIndex = 0; path = ExamenesAlumnosEjercicioCorregido.app; sourceTree = BUILT_PRODUCTS_DIR; };
		946CB1C32AEA73E0007A9A4C /* AppDelegate.swift */ = {isa = PBXFileReference; lastKnownFileType = sourcecode.swift; path = AppDelegate.swift; sourceTree = "<group>"; };
		946CB1C52AEA73E0007A9A4C /* SceneDelegate.swift */ = {isa = PBXFileReference; lastKnownFileType = sourcecode.swift; path = SceneDelegate.swift; sourceTree = "<group>"; };
		946CB1C72AEA73E0007A9A4C /* ViewController.swift */ = {isa = PBXFileReference; lastKnownFileType = sourcecode.swift; path = ViewController.swift; sourceTree = "<group>"; };
		946CB1CA2AEA73E0007A9A4C /* Base */ = {isa = PBXFileReference; lastKnownFileType = file.storyboard; name = Base; path = Base.lproj/Main.storyboard; sourceTree = "<group>"; };
		946CB1CC2AEA73E2007A9A4C /* Assets.xcassets */ = {isa = PBXFileReference; lastKnownFileType = folder.assetcatalog; path = Assets.xcassets; sourceTree = "<group>"; };
		946CB1CF2AEA73E2007A9A4C /* Base */ = {isa = PBXFileReference; lastKnownFileType = file.storyboard; name = Base; path = Base.lproj/LaunchScreen.storyboard; sourceTree = "<group>"; };
		946CB1D12AEA73E2007A9A4C /* Info.plist */ = {isa = PBXFileReference; lastKnownFileType = text.plist.xml; path = Info.plist; sourceTree = "<group>"; };
		946CB1D62AEA73E2007A9A4C /* ExamenesAlumnosEjercicioCorregidoTests.xctest */ = {isa = PBXFileReference; explicitFileType = wrapper.cfbundle; includeInIndex = 0; path = ExamenesAlumnosEjercicioCorregidoTests.xctest; sourceTree = BUILT_PRODUCTS_DIR; };
		946CB1DA2AEA73E2007A9A4C /* ExamenesAlumnosEjercicioCorregidoTests.swift */ = {isa = PBXFileReference; lastKnownFileType = sourcecode.swift; path = ExamenesAlumnosEjercicioCorregidoTests.swift; sourceTree = "<group>"; };
		946CB1DC2AEA73E2007A9A4C /* Info.plist */ = {isa = PBXFileReference; lastKnownFileType = text.plist.xml; path = Info.plist; sourceTree = "<group>"; };
		946CB1E12AEA73E3007A9A4C /* ExamenesAlumnosEjercicioCorregidoUITests.xctest */ = {isa = PBXFileReference; explicitFileType = wrapper.cfbundle; includeInIndex = 0; path = ExamenesAlumnosEjercicioCorregidoUITests.xctest; sourceTree = BUILT_PRODUCTS_DIR; };
		946CB1E52AEA73E3007A9A4C /* ExamenesAlumnosEjercicioCorregidoUITests.swift */ = {isa = PBXFileReference; lastKnownFileType = sourcecode.swift; path = ExamenesAlumnosEjercicioCorregidoUITests.swift; sourceTree = "<group>"; };
		946CB1E72AEA73E3007A9A4C /* Info.plist */ = {isa = PBXFileReference; lastKnownFileType = text.plist.xml; path = Info.plist; sourceTree = "<group>"; };
		946CB1F72AEA7488007A9A4C /* Examen.swift */ = {isa = PBXFileReference; lastKnownFileType = sourcecode.swift; path = Examen.swift; sourceTree = "<group>"; };
		946CB1FC2AEA8740007A9A4C /* VerExamenViewController.swift */ = {isa = PBXFileReference; lastKnownFileType = sourcecode.swift; path = VerExamenViewController.swift; sourceTree = "<group>"; };
/* End PBXFileReference section */

/* Begin PBXFrameworksBuildPhase section */
		946CB1BD2AEA73E0007A9A4C /* Frameworks */ = {
			isa = PBXFrameworksBuildPhase;
			buildActionMask = 2147483647;
			files = (
			);
			runOnlyForDeploymentPostprocessing = 0;
		};
		946CB1D32AEA73E2007A9A4C /* Frameworks */ = {
			isa = PBXFrameworksBuildPhase;
			buildActionMask = 2147483647;
			files = (
			);
			runOnlyForDeploymentPostprocessing = 0;
		};
		946CB1DE2AEA73E3007A9A4C /* Frameworks */ = {
			isa = PBXFrameworksBuildPhase;
			buildActionMask = 2147483647;
			files = (
			);
			runOnlyForDeploymentPostprocessing = 0;
		};
/* End PBXFrameworksBuildPhase section */

/* Begin PBXGroup section */
		946CB1B72AEA73E0007A9A4C = {
			isa = PBXGroup;
			children = (
				946CB1C22AEA73E0007A9A4C /* ExamenesAlumnosEjercicioCorregido */,
				946CB1D92AEA73E2007A9A4C /* ExamenesAlumnosEjercicioCorregidoTests */,
				946CB1E42AEA73E3007A9A4C /* ExamenesAlumnosEjercicioCorregidoUITests */,
				946CB1C12AEA73E0007A9A4C /* Products */,
			);
			sourceTree = "<group>";
		};
		946CB1C12AEA73E0007A9A4C /* Products */ = {
			isa = PBXGroup;
			children = (
				946CB1C02AEA73E0007A9A4C /* ExamenesAlumnosEjercicioCorregido.app */,
				946CB1D62AEA73E2007A9A4C /* ExamenesAlumnosEjercicioCorregidoTests.xctest */,
				946CB1E12AEA73E3007A9A4C /* ExamenesAlumnosEjercicioCorregidoUITests.xctest */,
			);
			name = Products;
			sourceTree = "<group>";
		};
		946CB1C22AEA73E0007A9A4C /* ExamenesAlumnosEjercicioCorregido */ = {
			isa = PBXGroup;
			children = (
				946CB1F62AEA742A007A9A4C /* modelos */,
				946CB1C32AEA73E0007A9A4C /* AppDelegate.swift */,
				946CB1C52AEA73E0007A9A4C /* SceneDelegate.swift */,
				946CB1C72AEA73E0007A9A4C /* ViewController.swift */,
				946CB1C92AEA73E0007A9A4C /* Main.storyboard */,
				946CB1CC2AEA73E2007A9A4C /* Assets.xcassets */,
				946CB1CE2AEA73E2007A9A4C /* LaunchScreen.storyboard */,
				946CB1D12AEA73E2007A9A4C /* Info.plist */,
				946CB1FC2AEA8740007A9A4C /* VerExamenViewController.swift */,
			);
			path = ExamenesAlumnosEjercicioCorregido;
			sourceTree = "<group>";
		};
		946CB1D92AEA73E2007A9A4C /* ExamenesAlumnosEjercicioCorregidoTests */ = {
			isa = PBXGroup;
			children = (
				946CB1DA2AEA73E2007A9A4C /* ExamenesAlumnosEjercicioCorregidoTests.swift */,
				946CB1DC2AEA73E2007A9A4C /* Info.plist */,
			);
			path = ExamenesAlumnosEjercicioCorregidoTests;
			sourceTree = "<group>";
		};
		946CB1E42AEA73E3007A9A4C /* ExamenesAlumnosEjercicioCorregidoUITests */ = {
			isa = PBXGroup;
			children = (
				946CB1E52AEA73E3007A9A4C /* ExamenesAlumnosEjercicioCorregidoUITests.swift */,
				946CB1E72AEA73E3007A9A4C /* Info.plist */,
			);
			path = ExamenesAlumnosEjercicioCorregidoUITests;
			sourceTree = "<group>";
		};
		946CB1F62AEA742A007A9A4C /* modelos */ = {
			isa = PBXGroup;
			children = (
				946CB1F72AEA7488007A9A4C /* Examen.swift */,
			);
			path = modelos;
			sourceTree = "<group>";
		};
/* End PBXGroup section */

/* Begin PBXNativeTarget section */
		946CB1BF2AEA73E0007A9A4C /* ExamenesAlumnosEjercicioCorregido */ = {
			isa = PBXNativeTarget;
			buildConfigurationList = 946CB1EA2AEA73E3007A9A4C /* Build configuration list for PBXNativeTarget "ExamenesAlumnosEjercicioCorregido" */;
			buildPhases = (
				946CB1BC2AEA73E0007A9A4C /* Sources */,
				946CB1BD2AEA73E0007A9A4C /* Frameworks */,
				946CB1BE2AEA73E0007A9A4C /* Resources */,
			);
			buildRules = (
			);
			dependencies = (
			);
			name = ExamenesAlumnosEjercicioCorregido;
			productName = ExamenesAlumnosEjercicioCorregido;
			productReference = 946CB1C02AEA73E0007A9A4C /* ExamenesAlumnosEjercicioCorregido.app */;
			productType = "com.apple.product-type.application";
		};
		946CB1D52AEA73E2007A9A4C /* ExamenesAlumnosEjercicioCorregidoTests */ = {
			isa = PBXNativeTarget;
			buildConfigurationList = 946CB1ED2AEA73E3007A9A4C /* Build configuration list for PBXNativeTarget "ExamenesAlumnosEjercicioCorregidoTests" */;
			buildPhases = (
				946CB1D22AEA73E2007A9A4C /* Sources */,
				946CB1D32AEA73E2007A9A4C /* Frameworks */,
				946CB1D42AEA73E2007A9A4C /* Resources */,
			);
			buildRules = (
			);
			dependencies = (
				946CB1D82AEA73E2007A9A4C /* PBXTargetDependency */,
			);
			name = ExamenesAlumnosEjercicioCorregidoTests;
			productName = ExamenesAlumnosEjercicioCorregidoTests;
			productReference = 946CB1D62AEA73E2007A9A4C /* ExamenesAlumnosEjercicioCorregidoTests.xctest */;
			productType = "com.apple.product-type.bundle.unit-test";
		};
		946CB1E02AEA73E3007A9A4C /* ExamenesAlumnosEjercicioCorregidoUITests */ = {
			isa = PBXNativeTarget;
			buildConfigurationList = 946CB1F02AEA73E3007A9A4C /* Build configuration list for PBXNativeTarget "ExamenesAlumnosEjercicioCorregidoUITests" */;
			buildPhases = (
				946CB1DD2AEA73E3007A9A4C /* Sources */,
				946CB1DE2AEA73E3007A9A4C /* Frameworks */,
				946CB1DF2AEA73E3007A9A4C /* Resources */,
			);
			buildRules = (
			);
			dependencies = (
				946CB1E32AEA73E3007A9A4C /* PBXTargetDependency */,
			);
			name = ExamenesAlumnosEjercicioCorregidoUITests;
			productName = ExamenesAlumnosEjercicioCorregidoUITests;
			productReference = 946CB1E12AEA73E3007A9A4C /* ExamenesAlumnosEjercicioCorregidoUITests.xctest */;
			productType = "com.apple.product-type.bundle.ui-testing";
		};
/* End PBXNativeTarget section */

/* Begin PBXProject section */
		946CB1B82AEA73E0007A9A4C /* Project object */ = {
			isa = PBXProject;
			attributes = {
				LastSwiftUpdateCheck = 1240;
				LastUpgradeCheck = 1240;
				TargetAttributes = {
					946CB1BF2AEA73E0007A9A4C = {
						CreatedOnToolsVersion = 12.4;
					};
					946CB1D52AEA73E2007A9A4C = {
						CreatedOnToolsVersion = 12.4;
						TestTargetID = 946CB1BF2AEA73E0007A9A4C;
					};
					946CB1E02AEA73E3007A9A4C = {
						CreatedOnToolsVersion = 12.4;
						TestTargetID = 946CB1BF2AEA73E0007A9A4C;
					};
				};
			};
			buildConfigurationList = 946CB1BB2AEA73E0007A9A4C /* Build configuration list for PBXProject "ExamenesAlumnosEjercicioCorregido" */;
			compatibilityVersion = "Xcode 9.3";
			developmentRegion = en;
			hasScannedForEncodings = 0;
			knownRegions = (
				en,
				Base,
			);
			mainGroup = 946CB1B72AEA73E0007A9A4C;
			productRefGroup = 946CB1C12AEA73E0007A9A4C /* Products */;
			projectDirPath = "";
			projectRoot = "";
			targets = (
				946CB1BF2AEA73E0007A9A4C /* ExamenesAlumnosEjercicioCorregido */,
				946CB1D52AEA73E2007A9A4C /* ExamenesAlumnosEjercicioCorregidoTests */,
				946CB1E02AEA73E3007A9A4C /* ExamenesAlumnosEjercicioCorregidoUITests */,
			);
		};
/* End PBXProject section */

/* Begin PBXResourcesBuildPhase section */
		946CB1BE2AEA73E0007A9A4C /* Resources */ = {
			isa = PBXResourcesBuildPhase;
			buildActionMask = 2147483647;
			files = (
				946CB1D02AEA73E2007A9A4C /* LaunchScreen.storyboard in Resources */,
				946CB1CD2AEA73E2007A9A4C /* Assets.xcassets in Resources */,
				946CB1CB2AEA73E0007A9A4C /* Main.storyboard in Resources */,
			);
			runOnlyForDeploymentPostprocessing = 0;
		};
		946CB1D42AEA73E2007A9A4C /* Resources */ = {
			isa = PBXResourcesBuildPhase;
			buildActionMask = 2147483647;
			files = (
			);
			runOnlyForDeploymentPostprocessing = 0;
		};
		946CB1DF2AEA73E3007A9A4C /* Resources */ = {
			isa = PBXResourcesBuildPhase;
			buildActionMask = 2147483647;
			files = (
			);
			runOnlyForDeploymentPostprocessing = 0;
		};
/* End PBXResourcesBuildPhase section */

/* Begin PBXSourcesBuildPhase section */
		946CB1BC2AEA73E0007A9A4C /* Sources */ = {
			isa = PBXSourcesBuildPhase;
			buildActionMask = 2147483647;
			files = (
				946CB1C82AEA73E0007A9A4C /* ViewController.swift in Sources */,
				946CB1F82AEA7488007A9A4C /* Examen.swift in Sources */,
				946CB1FD2AEA8740007A9A4C /* VerExamenViewController.swift in Sources */,
				946CB1C42AEA73E0007A9A4C /* AppDelegate.swift in Sources */,
				946CB1C62AEA73E0007A9A4C /* SceneDelegate.swift in Sources */,
			);
			runOnlyForDeploymentPostprocessing = 0;
		};
		946CB1D22AEA73E2007A9A4C /* Sources */ = {
			isa = PBXSourcesBuildPhase;
			buildActionMask = 2147483647;
			files = (
				946CB1DB2AEA73E2007A9A4C /* ExamenesAlumnosEjercicioCorregidoTests.swift in Sources */,
			);
			runOnlyForDeploymentPostprocessing = 0;
		};
		946CB1DD2AEA73E3007A9A4C /* Sources */ = {
			isa = PBXSourcesBuildPhase;
			buildActionMask = 2147483647;
			files = (
				946CB1E62AEA73E3007A9A4C /* ExamenesAlumnosEjercicioCorregidoUITests.swift in Sources */,
			);
			runOnlyForDeploymentPostprocessing = 0;
		};
/* End PBXSourcesBuildPhase section */

/* Begin PBXTargetDependency section */
		946CB1D82AEA73E2007A9A4C /* PBXTargetDependency */ = {
			isa = PBXTargetDependency;
			target = 946CB1BF2AEA73E0007A9A4C /* ExamenesAlumnosEjercicioCorregido */;
			targetProxy = 946CB1D72AEA73E2007A9A4C /* PBXContainerItemProxy */;
		};
		946CB1E32AEA73E3007A9A4C /* PBXTargetDependency */ = {
			isa = PBXTargetDependency;
			target = 946CB1BF2AEA73E0007A9A4C /* ExamenesAlumnosEjercicioCorregido */;
			targetProxy = 946CB1E22AEA73E3007A9A4C /* PBXContainerItemProxy */;
		};
/* End PBXTargetDependency section */

/* Begin PBXVariantGroup section */
		946CB1C92AEA73E0007A9A4C /* Main.storyboard */ = {
			isa = PBXVariantGroup;
			children = (
				946CB1CA2AEA73E0007A9A4C /* Base */,
			);
			name = Main.storyboard;
			sourceTree = "<group>";
		};
		946CB1CE2AEA73E2007A9A4C /* LaunchScreen.storyboard */ = {
			isa = PBXVariantGroup;
			children = (
				946CB1CF2AEA73E2007A9A4C /* Base */,
			);
			name = LaunchScreen.storyboard;
			sourceTree = "<group>";
		};
/* End PBXVariantGroup section */

/* Begin XCBuildConfiguration section */
		946CB1E82AEA73E3007A9A4C /* Debug */ = {
			isa = XCBuildConfiguration;
			buildSettings = {
				ALWAYS_SEARCH_USER_PATHS = NO;
				CLANG_ANALYZER_NONNULL = YES;
				CLANG_ANALYZER_NUMBER_OBJECT_CONVERSION = YES_AGGRESSIVE;
				CLANG_CXX_LANGUAGE_STANDARD = "gnu++14";
				CLANG_CXX_LIBRARY = "libc++";
				CLANG_ENABLE_MODULES = YES;
				CLANG_ENABLE_OBJC_ARC = YES;
				CLANG_ENABLE_OBJC_WEAK = YES;
				CLANG_WARN_BLOCK_CAPTURE_AUTORELEASING = YES;
				CLANG_WARN_BOOL_CONVERSION = YES;
				CLANG_WARN_COMMA = YES;
				CLANG_WARN_CONSTANT_CONVERSION = YES;
				CLANG_WARN_DEPRECATED_OBJC_IMPLEMENTATIONS = YES;
				CLANG_WARN_DIRECT_OBJC_ISA_USAGE = YES_ERROR;
				CLANG_WARN_DOCUMENTATION_COMMENTS = YES;
				CLANG_WARN_EMPTY_BODY = YES;
				CLANG_WARN_ENUM_CONVERSION = YES;
				CLANG_WARN_INFINITE_RECURSION = YES;
				CLANG_WARN_INT_CONVERSION = YES;
				CLANG_WARN_NON_LITERAL_NULL_CONVERSION = YES;
				CLANG_WARN_OBJC_IMPLICIT_RETAIN_SELF = YES;
				CLANG_WARN_OBJC_LITERAL_CONVERSION = YES;
				CLANG_WARN_OBJC_ROOT_CLASS = YES_ERROR;
				CLANG_WARN_QUOTED_INCLUDE_IN_FRAMEWORK_HEADER = YES;
				CLANG_WARN_RANGE_LOOP_ANALYSIS = YES;
				CLANG_WARN_STRICT_PROTOTYPES = YES;
				CLANG_WARN_SUSPICIOUS_MOVE = YES;
				CLANG_WARN_UNGUARDED_AVAILABILITY = YES_AGGRESSIVE;
				CLANG_WARN_UNREACHABLE_CODE = YES;
				CLANG_WARN__DUPLICATE_METHOD_MATCH = YES;
				COPY_PHASE_STRIP = NO;
				DEBUG_INFORMATION_FORMAT = dwarf;
				ENABLE_STRICT_OBJC_MSGSEND = YES;
				ENABLE_TESTABILITY = YES;
				GCC_C_LANGUAGE_STANDARD = gnu11;
				GCC_DYNAMIC_NO_PIC = NO;
				GCC_NO_COMMON_BLOCKS = YES;
				GCC_OPTIMIZATION_LEVEL = 0;
				GCC_PREPROCESSOR_DEFINITIONS = (
					"DEBUG=1",
					"$(inherited)",
				);
				GCC_WARN_64_TO_32_BIT_CONVERSION = YES;
				GCC_WARN_ABOUT_RETURN_TYPE = YES_ERROR;
				GCC_WARN_UNDECLARED_SELECTOR = YES;
				GCC_WARN_UNINITIALIZED_AUTOS = YES_AGGRESSIVE;
				GCC_WARN_UNUSED_FUNCTION = YES;
				GCC_WARN_UNUSED_VARIABLE = YES;
				IPHONEOS_DEPLOYMENT_TARGET = 14.4;
				MTL_ENABLE_DEBUG_INFO = INCLUDE_SOURCE;
				MTL_FAST_MATH = YES;
				ONLY_ACTIVE_ARCH = YES;
				SDKROOT = iphoneos;
				SWIFT_ACTIVE_COMPILATION_CONDITIONS = DEBUG;
				SWIFT_OPTIMIZATION_LEVEL = "-Onone";
			};
			name = Debug;
		};
		946CB1E92AEA73E3007A9A4C /* Release */ = {
			isa = XCBuildConfiguration;
			buildSettings = {
				ALWAYS_SEARCH_USER_PATHS = NO;
				CLANG_ANALYZER_NONNULL = YES;
				CLANG_ANALYZER_NUMBER_OBJECT_CONVERSION = YES_AGGRESSIVE;
				CLANG_CXX_LANGUAGE_STANDARD = "gnu++14";
				CLANG_CXX_LIBRARY = "libc++";
				CLANG_ENABLE_MODULES = YES;
				CLANG_ENABLE_OBJC_ARC = YES;
				CLANG_ENABLE_OBJC_WEAK = YES;
				CLANG_WARN_BLOCK_CAPTURE_AUTORELEASING = YES;
				CLANG_WARN_BOOL_CONVERSION = YES;
				CLANG_WARN_COMMA = YES;
				CLANG_WARN_CONSTANT_CONVERSION = YES;
				CLANG_WARN_DEPRECATED_OBJC_IMPLEMENTATIONS = YES;
				CLANG_WARN_DIRECT_OBJC_ISA_USAGE = YES_ERROR;
				CLANG_WARN_DOCUMENTATION_COMMENTS = YES;
				CLANG_WARN_EMPTY_BODY = YES;
				CLANG_WARN_ENUM_CONVERSION = YES;
				CLANG_WARN_INFINITE_RECURSION = YES;
				CLANG_WARN_INT_CONVERSION = YES;
				CLANG_WARN_NON_LITERAL_NULL_CONVERSION = YES;
				CLANG_WARN_OBJC_IMPLICIT_RETAIN_SELF = YES;
				CLANG_WARN_OBJC_LITERAL_CONVERSION = YES;
				CLANG_WARN_OBJC_ROOT_CLASS = YES_ERROR;
				CLANG_WARN_QUOTED_INCLUDE_IN_FRAMEWORK_HEADER = YES;
				CLANG_WARN_RANGE_LOOP_ANALYSIS = YES;
				CLANG_WARN_STRICT_PROTOTYPES = YES;
				CLANG_WARN_SUSPICIOUS_MOVE = YES;
				CLANG_WARN_UNGUARDED_AVAILABILITY = YES_AGGRESSIVE;
				CLANG_WARN_UNREACHABLE_CODE = YES;
				CLANG_WARN__DUPLICATE_METHOD_MATCH = YES;
				COPY_PHASE_STRIP = NO;
				DEBUG_INFORMATION_FORMAT = "dwarf-with-dsym";
				ENABLE_NS_ASSERTIONS = NO;
				ENABLE_STRICT_OBJC_MSGSEND = YES;
				GCC_C_LANGUAGE_STANDARD = gnu11;
				GCC_NO_COMMON_BLOCKS = YES;
				GCC_WARN_64_TO_32_BIT_CONVERSION = YES;
				GCC_WARN_ABOUT_RETURN_TYPE = YES_ERROR;
				GCC_WARN_UNDECLARED_SELECTOR = YES;
				GCC_WARN_UNINITIALIZED_AUTOS = YES_AGGRESSIVE;
				GCC_WARN_UNUSED_FUNCTION = YES;
				GCC_WARN_UNUSED_VARIABLE = YES;
				IPHONEOS_DEPLOYMENT_TARGET = 14.4;
				MTL_ENABLE_DEBUG_INFO = NO;
				MTL_FAST_MATH = YES;
				SDKROOT = iphoneos;
				SWIFT_COMPILATION_MODE = wholemodule;
				SWIFT_OPTIMIZATION_LEVEL = "-O";
				VALIDATE_PRODUCT = YES;
			};
			name = Release;
		};
		946CB1EB2AEA73E3007A9A4C /* Debug */ = {
			isa = XCBuildConfiguration;
			buildSettings = {
				ASSETCATALOG_COMPILER_APPICON_NAME = AppIcon;
				ASSETCATALOG_COMPILER_GLOBAL_ACCENT_COLOR_NAME = AccentColor;
				CODE_SIGN_STYLE = Automatic;
				INFOPLIST_FILE = ExamenesAlumnosEjercicioCorregido/Info.plist;
				LD_RUNPATH_SEARCH_PATHS = (
					"$(inherited)",
					"@executable_path/Frameworks",
				);
				PRODUCT_BUNDLE_IDENTIFIER = ignaciocampillos.ExamenesAlumnosEjercicioCorregido;
				PRODUCT_NAME = "$(TARGET_NAME)";
				SWIFT_VERSION = 5.0;
				TARGETED_DEVICE_FAMILY = "1,2";
			};
			name = Debug;
		};
		946CB1EC2AEA73E3007A9A4C /* Release */ = {
			isa = XCBuildConfiguration;
			buildSettings = {
				ASSETCATALOG_COMPILER_APPICON_NAME = AppIcon;
				ASSETCATALOG_COMPILER_GLOBAL_ACCENT_COLOR_NAME = AccentColor;
				CODE_SIGN_STYLE = Automatic;
				INFOPLIST_FILE = ExamenesAlumnosEjercicioCorregido/Info.plist;
				LD_RUNPATH_SEARCH_PATHS = (
					"$(inherited)",
					"@executable_path/Frameworks",
				);
				PRODUCT_BUNDLE_IDENTIFIER = ignaciocampillos.ExamenesAlumnosEjercicioCorregido;
				PRODUCT_NAME = "$(TARGET_NAME)";
				SWIFT_VERSION = 5.0;
				TARGETED_DEVICE_FAMILY = "1,2";
			};
			name = Release;
		};
		946CB1EE2AEA73E3007A9A4C /* Debug */ = {
			isa = XCBuildConfiguration;
			buildSettings = {
				ALWAYS_EMBED_SWIFT_STANDARD_LIBRARIES = YES;
				BUNDLE_LOADER = "$(TEST_HOST)";
				CODE_SIGN_STYLE = Automatic;
				INFOPLIST_FILE = ExamenesAlumnosEjercicioCorregidoTests/Info.plist;
				IPHONEOS_DEPLOYMENT_TARGET = 14.4;
				LD_RUNPATH_SEARCH_PATHS = (
					"$(inherited)",
					"@executable_path/Frameworks",
					"@loader_path/Frameworks",
				);
				PRODUCT_BUNDLE_IDENTIFIER = ignaciocampillos.ExamenesAlumnosEjercicioCorregidoTests;
				PRODUCT_NAME = "$(TARGET_NAME)";
				SWIFT_VERSION = 5.0;
				TARGETED_DEVICE_FAMILY = "1,2";
				TEST_HOST = "$(BUILT_PRODUCTS_DIR)/ExamenesAlumnosEjercicioCorregido.app/ExamenesAlumnosEjercicioCorregido";
			};
			name = Debug;
		};
		946CB1EF2AEA73E3007A9A4C /* Release */ = {
			isa = XCBuildConfiguration;
			buildSettings = {
				ALWAYS_EMBED_SWIFT_STANDARD_LIBRARIES = YES;
				BUNDLE_LOADER = "$(TEST_HOST)";
				CODE_SIGN_STYLE = Automatic;
				INFOPLIST_FILE = ExamenesAlumnosEjercicioCorregidoTests/Info.plist;
				IPHONEOS_DEPLOYMENT_TARGET = 14.4;
				LD_RUNPATH_SEARCH_PATHS = (
					"$(inherited)",
					"@executable_path/Frameworks",
					"@loader_path/Frameworks",
				);
				PRODUCT_BUNDLE_IDENTIFIER = ignaciocampillos.ExamenesAlumnosEjercicioCorregidoTests;
				PRODUCT_NAME = "$(TARGET_NAME)";
				SWIFT_VERSION = 5.0;
				TARGETED_DEVICE_FAMILY = "1,2";
				TEST_HOST = "$(BUILT_PRODUCTS_DIR)/ExamenesAlumnosEjercicioCorregido.app/ExamenesAlumnosEjercicioCorregido";
			};
			name = Release;
		};
		946CB1F12AEA73E3007A9A4C /* Debug */ = {
			isa = XCBuildConfiguration;
			buildSettings = {
				ALWAYS_EMBED_SWIFT_STANDARD_LIBRARIES = YES;
				CODE_SIGN_STYLE = Automatic;
				INFOPLIST_FILE = ExamenesAlumnosEjercicioCorregidoUITests/Info.plist;
				LD_RUNPATH_SEARCH_PATHS = (
					"$(inherited)",
					"@executable_path/Frameworks",
					"@loader_path/Frameworks",
				);
				PRODUCT_BUNDLE_IDENTIFIER = ignaciocampillos.ExamenesAlumnosEjercicioCorregidoUITests;
				PRODUCT_NAME = "$(TARGET_NAME)";
				SWIFT_VERSION = 5.0;
				TARGETED_DEVICE_FAMILY = "1,2";
				TEST_TARGET_NAME = ExamenesAlumnosEjercicioCorregido;
			};
			name = Debug;
		};
		946CB1F22AEA73E3007A9A4C /* Release */ = {
			isa = XCBuildConfiguration;
			buildSettings = {
				ALWAYS_EMBED_SWIFT_STANDARD_LIBRARIES = YES;
				CODE_SIGN_STYLE = Automatic;
				INFOPLIST_FILE = ExamenesAlumnosEjercicioCorregidoUITests/Info.plist;
				LD_RUNPATH_SEARCH_PATHS = (
					"$(inherited)",
					"@executable_path/Frameworks",
					"@loader_path/Frameworks",
				);
				PRODUCT_BUNDLE_IDENTIFIER = ignaciocampillos.ExamenesAlumnosEjercicioCorregidoUITests;
				PRODUCT_NAME = "$(TARGET_NAME)";
				SWIFT_VERSION = 5.0;
				TARGETED_DEVICE_FAMILY = "1,2";
				TEST_TARGET_NAME = ExamenesAlumnosEjercicioCorregido;
			};
			name = Release;
		};
/* End XCBuildConfiguration section */

/* Begin XCConfigurationList section */
		946CB1BB2AEA73E0007A9A4C /* Build configuration list for PBXProject "ExamenesAlumnosEjercicioCorregido" */ = {
			isa = XCConfigurationList;
			buildConfigurations = (
				946CB1E82AEA73E3007A9A4C /* Debug */,
				946CB1E92AEA73E3007A9A4C /* Release */,
			);
			defaultConfigurationIsVisible = 0;
			defaultConfigurationName = Release;
		};
		946CB1EA2AEA73E3007A9A4C /* Build configuration list for PBXNativeTarget "ExamenesAlumnosEjercicioCorregido" */ = {
			isa = XCConfigurationList;
			buildConfigurations = (
				946CB1EB2AEA73E3007A9A4C /* Debug */,
				946CB1EC2AEA73E3007A9A4C /* Release */,
			);
			defaultConfigurationIsVisible = 0;
			defaultConfigurationName = Release;
		};
		946CB1ED2AEA73E3007A9A4C /* Build configuration list for PBXNativeTarget "ExamenesAlumnosEjercicioCorregidoTests" */ = {
			isa = XCConfigurationList;
			buildConfigurations = (
				946CB1EE2AEA73E3007A9A4C /* Debug */,
				946CB1EF2AEA73E3007A9A4C /* Release */,
			);
			defaultConfigurationIsVisible = 0;
			defaultConfigurationName = Release;
		};
		946CB1F02AEA73E3007A9A4C /* Build configuration list for PBXNativeTarget "ExamenesAlumnosEjercicioCorregidoUITests" */ = {
			isa = XCConfigurationList;
			buildConfigurations = (
				946CB1F12AEA73E3007A9A4C /* Debug */,
				946CB1F22AEA73E3007A9A4C /* Release */,
			);
			defaultConfigurationIsVisible = 0;
			defaultConfigurationName = Release;
		};
/* End XCConfigurationList section */
	};
	rootObject = 946CB1B82AEA73E0007A9A4C /* Project object */;
}
